
Microsoft Visual Studio Solution File, Format Version 12.00
# Visual Studio Version 17
VisualStudioVersion = 17.0.31903.59
MinimumVisualStudioVersion = 10.0.40219.1
Project("{9A19103F-16F7-4668-BE54-9A1E7A4F7556}") = "AdvancedCSVVisualizer", "src\AdvancedCSVVisualizer\AdvancedCSVVisualizer.csproj", "{1E898731-85BE-4957-94CF-753C4562C1A5}"
EndProject
Project("{9A19103F-16F7-4668-BE54-9A1E7A4F7556}") = "AdvancedCSVVisualizer.Core", "src\AdvancedCSVVisualizer.Core\AdvancedCSVVisualizer.Core.csproj", "{0BD5E8A3-A6E3-47C1-9C2A-4E0F2F8816D9}"
EndProject
Project("{9A19103F-16F7-4668-BE54-9A1E7A4F7556}") = "AdvancedCSVVisualizer.Tests", "tests\AdvancedCSVVisualizer.Tests\AdvancedCSVVisualizer.Tests.csproj", "{5D6B6906-7C37-4D4A-A36C-1A5BE3B8F041}"
EndProject
Global
	GlobalSection(SolutionConfigurationPlatforms) = preSolution
		Debug|Any CPU = Debug|Any CPU
		Release|Any CPU = Release|Any CPU
	EndGlobalSection
	GlobalSection(ProjectConfigurationPlatforms) = postSolution
		{1E898731-85BE-4957-94CF-753C4562C1A5}.Debug|Any CPU.ActiveCfg = Debug|Any CPU
		{1E898731-85BE-4957-94CF-753C4562C1A5}.Debug|Any CPU.Build.0 = Debug|Any CPU
		{1E898731-85BE-4957-94CF-753C4562C1A5}.Release|Any CPU.ActiveCfg = Release|Any CPU
		{1E898731-85BE-4957-94CF-753C4562C1A5}.Release|Any CPU.Build.0 = Release|Any CPU
		{0BD5E8A3-A6E3-47C1-9C2A-4E0F2F8816D9}.Debug|Any CPU.ActiveCfg = Debug|Any CPU
		{0BD5E8A3-A6E3-47C1-9C2A-4E0F2F8816D9}.Debug|Any CPU.Build.0 = Debug|Any CPU
		{0BD5E8A3-A6E3-47C1-9C2A-4E0F2F8816D9}.Release|Any CPU.ActiveCfg = Release|Any CPU
		{0BD5E8A3-A6E3-47C1-9C2A-4E0F2F8816D9}.Release|Any CPU.Build.0 = Release|Any CPU
		{5D6B6906-7C37-4D4A-A36C-1A5BE3B8F041}.Debug|Any CPU.ActiveCfg = Debug|Any CPU
		{5D6B6906-7C37-4D4A-A36C-1A5BE3B8F041}.Debug|Any CPU.Build.0 = Debug|Any CPU
		{5D6B6906-7C37-4D4A-A36C-1A5BE3B8F041}.Release|Any CPU.ActiveCfg = Release|Any CPU
		{5D6B6906-7C37-4D4A-A36C-1A5BE3B8F041}.Release|Any CPU.Build.0 = Release|Any CPU
	EndGlobalSection
	GlobalSection(SolutionProperties) = preSolution
		HideSolutionNode = FALSE
	EndGlobalSection
	GlobalSection(ExtensibilityGlobals) = postSolution
		SolutionGuid = {A0F0F10C-1A3E-4BD0-9A9C-A65E93E4CA5B}
	EndGlobalSection
EndGlobal
